
Microsoft Visual Studio Solution File, Format Version 12.00
# Visual Studio Version 17
VisualStudioVersion = 17.13.35806.99 d17.13
MinimumVisualStudioVersion = 10.0.40219.1
Project("{FAE04EC0-301F-11D3-BF4B-00C04F79EFBC}") = "ASPDotNet_Core_MVC_Tuto", "ASPDotNet_Core_MVC_Tuto\ASPDotNet_Core_MVC_Tuto.csproj", "{8A102CA3-51F4-46AA-8B5D-5B844E4AB849}"
EndProject
Global
	GlobalSection(SolutionConfigurationPlatforms) = preSolution
		Debug|Any CPU = Debug|Any CPU
		Release|Any CPU = Release|Any CPU
	EndGlobalSection
	GlobalSection(ProjectConfigurationPlatforms) = postSolution
		{8A102CA3-51F4-46AA-8B5D-5B844E4AB849}.Debug|Any CPU.ActiveCfg = Debug|Any CPU
		{8A102CA3-51F4-46AA-8B5D-5B844E4AB849}.Debug|Any CPU.Build.0 = Debug|Any CPU
		{8A102CA3-51F4-46AA-8B5D-5B844E4AB849}.Release|Any CPU.ActiveCfg = Release|Any CPU
		{8A102CA3-51F4-46AA-8B5D-5B844E4AB849}.Release|Any CPU.Build.0 = Release|Any CPU
	EndGlobalSection
	GlobalSection(SolutionProperties) = preSolution
		HideSolutionNode = FALSE
	EndGlobalSection
	GlobalSection(ExtensibilityGlobals) = postSolution
		SolutionGuid = {206944F3-3C0F-49A7-BD86-1036A03F0070}
	EndGlobalSection
EndGlobal
